github.com/libdns/hetzner v0.0.1 h1:WsmcsOKnfpKmzwhfyqhGQEIlEeEaEUvb7ezoJgBKaqU=
github.com/libdns/hetzner v0.0.1/go.mod h1:Jj12aJipO9Ir7OGaXueJ5J1RnerFMD0auGa6k9kujG4=
github.com/libdns/libdns v0.1.0 h1:0ctCOrVJsVzj53mop1angHp/pE3hmAhP7KiHvR0HD04=
github.com/libdns/libdns v0.1.0/go.mod h1:yQCXzk1lEZmmCPa857bnk4TsOiqYasqpyOEeSObbb40=
github.com/libdns/libdns v0.2.0 h1:ewg3ByWrdUrxrje8ChPVMBNcotg7H9LQYg+u5De2RzI=
github.com/libdns/libdns v0.2.0/go.mod h1:yQCXzk1lEZmmCPa857bnk4TsOiqYasqpyOEeSObbb40=
